<?xml version="1.0" encoding="utf-8"?>
<Project ToolsVersion="4.0" xmlns="http://schemas.microsoft.com/developer/msbuild/2003">
  <ItemGroup>
    <Filter Include="Source Files">
      <UniqueIdentifier>{4FC737F1-C7A5-4376-A066-2A32D752A2FF}</UniqueIdentifier>
      <Extensions>cpp;h;</Extensions>
    </Filter>
    <Filter Include="Source Files\Core">
      <UniqueIdentifier>{704ff533-e1a4-4be9-af12-aa9ac16ee045}</UniqueIdentifier>
      <Extensions>cpp;h;</Extensions>
    </Filter>
    <Filter Include="Source Files\Path Finding">
      <UniqueIdentifier>{4e43295b-638a-4de4-98fc-a3962440afbb}</UniqueIdentifier>
      <Extensions>cpp;h;</Extensions>
    </Filter>
    <Filter Include="Source Files\Screens">
      <UniqueIdentifier>{dcb4a769-6636-49a8-a26b-bec23b2f23b3}</UniqueIdentifier>
    </Filter>
    <Filter Include="Source Files\Rendering">
      <UniqueIdentifier>{48ba973f-6488-4177-b061-f66e5eec38af}</UniqueIdentifier>
    </Filter>
  </ItemGroup>
  <ItemGroup>
    <None Include="packages.config" />
  </ItemGroup>
  <ItemGroup>
    <ClCompile Include="Demo.cpp">
      <Filter>Source Files\Core</Filter>
    </ClCompile>
    <ClCompile Include="Main.cpp">
      <Filter>Source Files\Core</Filter>
    </ClCompile>
    <ClCompile Include="AStar.cpp">
      <Filter>Source Files\Core</Filter>
    </ClCompile>
    <ClCompile Include="Vertex.cpp">
      <Filter>Source Files\Path Finding</Filter>
    </ClCompile>
    <ClCompile Include="Edge.cpp">
      <Filter>Source Files\Path Finding</Filter>
    </ClCompile>
    <ClCompile Include="DemoScreen.cpp">
      <Filter>Source Files\Screens</Filter>
    </ClCompile>
    <ClCompile Include="Graph.cpp">
      <Filter>Source Files\Path Finding</Filter>
    </ClCompile>
    <ClCompile Include="DrawableCollection.cpp">
      <Filter>Source Files\Rendering</Filter>
    </ClCompile>
    <ClCompile Include="DrawableEdge.cpp">
      <Filter>Source Files\Rendering</Filter>
    </ClCompile>
    <ClCompile Include="DrawableVertex.cpp">
      <Filter>Source Files\Rendering</Filter>
    </ClCompile>
    <ClCompile Include="DrawableGraph.cpp">
      <Filter>Source Files</Filter>
    </ClCompile>
  </ItemGroup>
  <ItemGroup>
    <ClInclude Include="Demo.h">
      <Filter>Source Files\Core</Filter>
    </ClInclude>
    <ClInclude Include="AStar.h">
      <Filter>Source Files\Core</Filter>
    </ClInclude>
    <ClInclude Include="Vertex.h">
      <Filter>Source Files\Path Finding</Filter>
    </ClInclude>
    <ClInclude Include="Edge.h">
      <Filter>Source Files\Path Finding</Filter>
    </ClInclude>
    <ClInclude Include="DemoScreen.h">
      <Filter>Source Files\Screens</Filter>
    </ClInclude>
    <ClInclude Include="IVertex.h">
      <Filter>Source Files\Path Finding</Filter>
    </ClInclude>
    <ClInclude Include="Graph.h">
      <Filter>Source Files\Path Finding</Filter>
    </ClInclude>
    <ClInclude Include="DrawableCollection.h">
      <Filter>Source Files\Rendering</Filter>
    </ClInclude>
    <ClInclude Include="IDrawable.h">
      <Filter>Source Files\Rendering</Filter>
    </ClInclude>
    <ClInclude Include="DrawableEdge.h">
      <Filter>Source Files\Rendering</Filter>
    </ClInclude>
    <ClInclude Include="DrawableVertex.h">
      <Filter>Source Files\Rendering</Filter>
    </ClInclude>
    <ClInclude Include="DrawableGraph.h">
      <Filter>Source Files</Filter>
    </ClInclude>
  </ItemGroup>
</Project>